
Microsoft Visual Studio Solution File, Format Version 12.00
# Visual Studio Version 16
VisualStudioVersion = 16.0.31019.35
MinimumVisualStudioVersion = 10.0.40219.1
Project("{9A19103F-16F7-4668-BE54-9A1E7A4F7556}") = "PetRemember", "PetRemember\PetRemember.csproj", "{0C2E0586-C8B1-40CE-9C37-2C2D6DC05F7B}"
EndProject
Project("{FAE04EC0-301F-11D3-BF4B-00C04F79EFBC}") = "PetRemember.Domain", "PetRemember.Domain\PetRemember.Domain.csproj", "{CC16AED6-53B2-4E46-B961-375F1A466754}"
EndProject
Project("{FAE04EC0-301F-11D3-BF4B-00C04F79EFBC}") = "PetRemember.Infrastructure", "PetRemember.Infrastructure\PetRemember.Infrastructure.csproj", "{ABACF591-B17C-46C8-82E0-CA1116DF3C68}"
EndProject
Project("{FAE04EC0-301F-11D3-BF4B-00C04F79EFBC}") = "PetRemember.Application", "PetRemember.Application\PetRemember.Application.csproj", "{5D0263B7-F5F7-4670-960D-30B517CA5081}"
EndProject
Global
	GlobalSection(SolutionConfigurationPlatforms) = preSolution
		Debug|Any CPU = Debug|Any CPU
		Release|Any CPU = Release|Any CPU
	EndGlobalSection
	GlobalSection(ProjectConfigurationPlatforms) = postSolution
		{0C2E0586-C8B1-40CE-9C37-2C2D6DC05F7B}.Debug|Any CPU.ActiveCfg = Debug|Any CPU
		{0C2E0586-C8B1-40CE-9C37-2C2D6DC05F7B}.Debug|Any CPU.Build.0 = Debug|Any CPU
		{0C2E0586-C8B1-40CE-9C37-2C2D6DC05F7B}.Release|Any CPU.ActiveCfg = Release|Any CPU
		{0C2E0586-C8B1-40CE-9C37-2C2D6DC05F7B}.Release|Any CPU.Build.0 = Release|Any CPU
		{CC16AED6-53B2-4E46-B961-375F1A466754}.Debug|Any CPU.ActiveCfg = Debug|Any CPU
		{CC16AED6-53B2-4E46-B961-375F1A466754}.Debug|Any CPU.Build.0 = Debug|Any CPU
		{CC16AED6-53B2-4E46-B961-375F1A466754}.Release|Any CPU.ActiveCfg = Release|Any CPU
		{CC16AED6-53B2-4E46-B961-375F1A466754}.Release|Any CPU.Build.0 = Release|Any CPU
		{ABACF591-B17C-46C8-82E0-CA1116DF3C68}.Debug|Any CPU.ActiveCfg = Debug|Any CPU
		{ABACF591-B17C-46C8-82E0-CA1116DF3C68}.Debug|Any CPU.Build.0 = Debug|Any CPU
		{ABACF591-B17C-46C8-82E0-CA1116DF3C68}.Release|Any CPU.ActiveCfg = Release|Any CPU
		{ABACF591-B17C-46C8-82E0-CA1116DF3C68}.Release|Any CPU.Build.0 = Release|Any CPU
		{5D0263B7-F5F7-4670-960D-30B517CA5081}.Debug|Any CPU.ActiveCfg = Debug|Any CPU
		{5D0263B7-F5F7-4670-960D-30B517CA5081}.Debug|Any CPU.Build.0 = Debug|Any CPU
		{5D0263B7-F5F7-4670-960D-30B517CA5081}.Release|Any CPU.ActiveCfg = Release|Any CPU
		{5D0263B7-F5F7-4670-960D-30B517CA5081}.Release|Any CPU.Build.0 = Release|Any CPU
	EndGlobalSection
	GlobalSection(SolutionProperties) = preSolution
		HideSolutionNode = FALSE
	EndGlobalSection
	GlobalSection(ExtensibilityGlobals) = postSolution
		SolutionGuid = {3A34F294-13F5-4EDE-BB3F-7D67563F16FD}
	EndGlobalSection
EndGlobal
